
Microsoft Visual Studio Solution File, Format Version 12.00
# Visual Studio Version 17
VisualStudioVersion = 17.10.35027.167
MinimumVisualStudioVersion = 10.0.40219.1
Project("{FAE04EC0-301F-11D3-BF4B-00C04F79EFBC}") = "BE_2505_Bai2", "BE_2505_Bai2\BE_2505_Bai2.csproj", "{8156E4A3-24F3-45E5-AFB4-3E0766D1BF1B}"
EndProject
Project("{FAE04EC0-301F-11D3-BF4B-00C04F79EFBC}") = "Validate", "Validate\Validate.csproj", "{8D506945-1F93-46C6-96C0-70294FFEFF2E}"
EndProject
Global
	GlobalSection(SolutionConfigurationPlatforms) = preSolution
		Debug|Any CPU = Debug|Any CPU
		Release|Any CPU = Release|Any CPU
	EndGlobalSection
	GlobalSection(ProjectConfigurationPlatforms) = postSolution
		{8156E4A3-24F3-45E5-AFB4-3E0766D1BF1B}.Debug|Any CPU.ActiveCfg = Debug|Any CPU
		{8156E4A3-24F3-45E5-AFB4-3E0766D1BF1B}.Debug|Any CPU.Build.0 = Debug|Any CPU
		{8156E4A3-24F3-45E5-AFB4-3E0766D1BF1B}.Release|Any CPU.ActiveCfg = Release|Any CPU
		{8156E4A3-24F3-45E5-AFB4-3E0766D1BF1B}.Release|Any CPU.Build.0 = Release|Any CPU
		{8D506945-1F93-46C6-96C0-70294FFEFF2E}.Debug|Any CPU.ActiveCfg = Debug|Any CPU
		{8D506945-1F93-46C6-96C0-70294FFEFF2E}.Debug|Any CPU.Build.0 = Debug|Any CPU
		{8D506945-1F93-46C6-96C0-70294FFEFF2E}.Release|Any CPU.ActiveCfg = Release|Any CPU
		{8D506945-1F93-46C6-96C0-70294FFEFF2E}.Release|Any CPU.Build.0 = Release|Any CPU
	EndGlobalSection
	GlobalSection(SolutionProperties) = preSolution
		HideSolutionNode = FALSE
	EndGlobalSection
	GlobalSection(ExtensibilityGlobals) = postSolution
		SolutionGuid = {A84E0B04-8918-4ECB-8BF0-A985BA6A4161}
	EndGlobalSection
EndGlobal
